{
  "name": "bsv-recovery",
  "version": "1.0.0",
  "lockfileVersion": 3,
  "requires": true,
  "packages": {
    "": {
      "name": "bsv-recovery",
      "version": "1.0.0",
      "dependencies": {
        "@bsv/sdk": "^2.4.1"
      }
    },
    "node_modules/@bsv/sdk": {
      "version": "2.7.1",
      "resolved": "https://registry.npmjs.org/@bsv/sdk/-/sdk-2.7.1.tgz",
      "integrity": "sha512-1dcvOwCVGZz3A5FTJeOil1MALp2iQ1bTrZ8C9v97CC26sd8t0+Y3bFP39Rw/q0zmcbh6c+ZkIt6tKfvje+pD2A==",
      "license": "SEE LICENSE IN LICENSE.txt",
      "engines": {
        "node": ">=22"
      }
    }
  }
}
